
Microsoft Visual Studio Solution File, Format Version 12.00
# Visual Studio Version 17
VisualStudioVersion = 17.10.35013.160
MinimumVisualStudioVersion = 10.0.40219.1
Project("{2150E333-8FDC-42A3-9474-1A3956D46DE8}") = "Services", "Services", "{AFBB2CD2-FCC5-4146-A8FE-8EEC5EE57044}"
EndProject
Project("{2150E333-8FDC-42A3-9474-1A3956D46DE8}") = "ApiGateways", "ApiGateways", "{B7948C9D-78E9-40FF-9866-AE58B044C93C}"
EndProject
Project("{2150E333-8FDC-42A3-9474-1A3956D46DE8}") = "BuildingBlocks", "BuildingBlocks", "{DBB5D807-FDC6-4E5B-84F0-7AE5FB721B12}"
EndProject
Project("{2150E333-8FDC-42A3-9474-1A3956D46DE8}") = "Auth", "Auth", "{C6C46FE2-80FF-49AE-81D0-12AAFB686B4F}"
EndProject
Project("{9A19103F-16F7-4668-BE54-9A1E7A4F7556}") = "Auth.API", "Services\Auth\Auth.API\Auth.API.csproj", "{ACA5BA3A-545A-42A2-B61F-057B32E616BA}"
EndProject
Project("{9A19103F-16F7-4668-BE54-9A1E7A4F7556}") = "BuildingBlocks", "BuildingBlocks\BuildingBlocks\BuildingBlocks.csproj", "{96FCF107-9B2A-4C04-98F2-F74BA7AA4856}"
EndProject
Project("{9A19103F-16F7-4668-BE54-9A1E7A4F7556}") = "BuildingBlocks.Messaging", "BuildingBlocks\BuildingBlocks.Messaging\BuildingBlocks.Messaging.csproj", "{A38ACAC2-563F-499F-977D-F42B68BD30FF}"
EndProject
Project("{2150E333-8FDC-42A3-9474-1A3956D46DE8}") = "Profile", "Profile", "{BD83D3BF-4E0B-47E5-81C5-541713D1FBBE}"
EndProject
Project("{9A19103F-16F7-4668-BE54-9A1E7A4F7556}") = "Profile.API", "Services\Profile\Profile.API\Profile.API.csproj", "{5CB17707-01EA-492B-984F-803056C824F7}"
EndProject
Project("{2150E333-8FDC-42A3-9474-1A3956D46DE8}") = "Notification", "Notification", "{ED28DA29-073D-438E-A416-0611468911C9}"
EndProject
Project("{9A19103F-16F7-4668-BE54-9A1E7A4F7556}") = "Notification.API", "Services\Notification\Notification.API\Notification.API.csproj", "{5DA41491-836B-4B95-AEB8-8FC46AB8AD69}"
EndProject
Project("{2150E333-8FDC-42A3-9474-1A3956D46DE8}") = "Subscription", "Subscription", "{493BD75A-7F5C-446F-94CA-7C123CFBE3FC}"
EndProject
Project("{2150E333-8FDC-42A3-9474-1A3956D46DE8}") = "LifeStyles", "LifeStyles", "{61DA3131-D735-49D2-B21A-34D4D52B255B}"
EndProject
Project("{9A19103F-16F7-4668-BE54-9A1E7A4F7556}") = "LifeStyles.API", "Services\LifeStyles\LifeStyles.API\LifeStyles.API.csproj", "{9C9DF88F-842B-452F-B334-F626F13A2CF1}"
EndProject
Project("{9A19103F-16F7-4668-BE54-9A1E7A4F7556}") = "Subscription.API", "Services\Subscription\Subscription.API\Subscription.API.csproj", "{27307ADA-A5A5-4D71-8368-6652995DEEF2}"
EndProject
Project("{9A19103F-16F7-4668-BE54-9A1E7A4F7556}") = "Test.API", "Services\Test\Test.API\Test.API.csproj", "{835AC0AC-A04A-4339-B256-EAD896EDC0D4}"
EndProject
Project("{2150E333-8FDC-42A3-9474-1A3956D46DE8}") = "Test", "Test", "{CCF437CA-6CE4-4DD6-997E-F1BEDD7892C4}"
EndProject
Project("{9A19103F-16F7-4668-BE54-9A1E7A4F7556}") = "Test.Application", "Services\Test\Test.Application\Test.Application.csproj", "{694EA055-7A5E-4A30-9C8E-F2EDD2029578}"
EndProject
Project("{9A19103F-16F7-4668-BE54-9A1E7A4F7556}") = "Test.Domain", "Services\Test\Test.Domain\Test.Domain.csproj", "{C008581E-AF84-434E-945E-8DA4E2E4A770}"
EndProject
Project("{9A19103F-16F7-4668-BE54-9A1E7A4F7556}") = "Test.Infrastructure", "Services\Test\Test.Infrastructure\Test.Infrastructure.csproj", "{86DFF039-A0BD-48CA-BA58-C4F99D7F7553}"
EndProject
Project("{2150E333-8FDC-42A3-9474-1A3956D46DE8}") = "Payment", "Payment", "{F0941F75-C0B5-453D-8E7F-90BC97E95444}"
EndProject
Project("{9A19103F-16F7-4668-BE54-9A1E7A4F7556}") = "Payment.API", "Services\Payment\Payment.API\Payment.API.csproj", "{D74B9E3D-3C90-483F-AAA5-8D90357AC4D7}"
EndProject
Project("{9A19103F-16F7-4668-BE54-9A1E7A4F7556}") = "Payment.Application", "Services\Payment\Payment.Application\Payment.Application.csproj", "{D0DBC37C-3D88-4F25-99F2-406133E1225C}"
EndProject
Project("{9A19103F-16F7-4668-BE54-9A1E7A4F7556}") = "Payment.Infrastructure", "Services\Payment\Payment.Infrastructure\Payment.Infrastructure.csproj", "{F9E69318-800C-4AB8-93A2-A42E4AC83E98}"
EndProject
Project("{9A19103F-16F7-4668-BE54-9A1E7A4F7556}") = "Payment.Domain", "Services\Payment\Payment.Domain\Payment.Domain.csproj", "{C5CF4BDB-A2DD-45E1-9391-997CDD925514}"
EndProject
Project("{2150E333-8FDC-42A3-9474-1A3956D46DE8}") = "Promotion", "Promotion", "{8921C55A-6815-4EEB-B0EC-AC895A930DD2}"
EndProject
Project("{2150E333-8FDC-42A3-9474-1A3956D46DE8}") = "Scheduling", "Scheduling", "{2440467F-CEF2-43F1-8C3B-09614DC53D47}"
EndProject
Project("{9A19103F-16F7-4668-BE54-9A1E7A4F7556}") = "Scheduling.API", "Services\Scheduling\Scheduling.API\Scheduling.API.csproj", "{FCC992CA-2AE8-4695-832A-2ADB31AD1985}"
EndProject
Project("{9A19103F-16F7-4668-BE54-9A1E7A4F7556}") = "Promotion.Grpc", "Services\Promotion\Promotion.Grpc\Promotion.Grpc.csproj", "{8C66F097-2F62-446C-A703-77C28FD7E18A}"
EndProject
Project("{2150E333-8FDC-42A3-9474-1A3956D46DE8}") = "ChatBox", "ChatBox", "{73D98CF7-C348-435E-ADA3-060D096BAD60}"
EndProject
Project("{9A19103F-16F7-4668-BE54-9A1E7A4F7556}") = "ChatBox.API", "Services\ChatBox\ChatBox.API\ChatBox.API.csproj", "{80B475E4-CAC5-4F55-B811-5A3F031135D6}"
EndProject
Project("{9A19103F-16F7-4668-BE54-9A1E7A4F7556}") = "YarpApiGateway", "ApiGateways\YarpApiGateway\YarpApiGateway.csproj", "{53859F05-04BA-4148-8C47-6BD1E11364F2}"
EndProject
Project("{9A19103F-16F7-4668-BE54-9A1E7A4F7556}") = "RSAKeyGenerator", "Services\Auth\RSAKeyGenerator\RSAKeyGenerator.csproj", "{CE7D52DB-3499-4661-9ACF-287F0C808E0D}"
EndProject
Project("{2150E333-8FDC-42A3-9474-1A3956D46DE8}") = "Image", "Image", "{D5CB0BFA-A271-4ADE-BC48-A70EF1A716F3}"
EndProject
Project("{9A19103F-16F7-4668-BE54-9A1E7A4F7556}") = "Image.API", "Services\Image\Image.API\Image.API.csproj", "{9FBA8B21-409E-459A-AA9D-FC80323CF34E}"
EndProject
Project("{E53339B2-1760-4266-BCC7-CA923CBCF16C}") = "docker-compose", "docker-compose.dcproj", "{81DDED9D-158B-E303-5F62-77A2896D2A5A}"
EndProject
Global
	GlobalSection(SolutionConfigurationPlatforms) = preSolution
		Debug|Any CPU = Debug|Any CPU
		Release|Any CPU = Release|Any CPU
	EndGlobalSection
	GlobalSection(ProjectConfigurationPlatforms) = postSolution
		{ACA5BA3A-545A-42A2-B61F-057B32E616BA}.Debug|Any CPU.ActiveCfg = Debug|Any CPU
		{ACA5BA3A-545A-42A2-B61F-057B32E616BA}.Debug|Any CPU.Build.0 = Debug|Any CPU
		{ACA5BA3A-545A-42A2-B61F-057B32E616BA}.Release|Any CPU.ActiveCfg = Release|Any CPU
		{ACA5BA3A-545A-42A2-B61F-057B32E616BA}.Release|Any CPU.Build.0 = Release|Any CPU
		{96FCF107-9B2A-4C04-98F2-F74BA7AA4856}.Debug|Any CPU.ActiveCfg = Debug|Any CPU
		{96FCF107-9B2A-4C04-98F2-F74BA7AA4856}.Debug|Any CPU.Build.0 = Debug|Any CPU
		{96FCF107-9B2A-4C04-98F2-F74BA7AA4856}.Release|Any CPU.ActiveCfg = Release|Any CPU
		{96FCF107-9B2A-4C04-98F2-F74BA7AA4856}.Release|Any CPU.Build.0 = Release|Any CPU
		{A38ACAC2-563F-499F-977D-F42B68BD30FF}.Debug|Any CPU.ActiveCfg = Debug|Any CPU
		{A38ACAC2-563F-499F-977D-F42B68BD30FF}.Debug|Any CPU.Build.0 = Debug|Any CPU
		{A38ACAC2-563F-499F-977D-F42B68BD30FF}.Release|Any CPU.ActiveCfg = Release|Any CPU
		{A38ACAC2-563F-499F-977D-F42B68BD30FF}.Release|Any CPU.Build.0 = Release|Any CPU
		{5CB17707-01EA-492B-984F-803056C824F7}.Debug|Any CPU.ActiveCfg = Debug|Any CPU
		{5CB17707-01EA-492B-984F-803056C824F7}.Debug|Any CPU.Build.0 = Debug|Any CPU
		{5CB17707-01EA-492B-984F-803056C824F7}.Release|Any CPU.ActiveCfg = Release|Any CPU
		{5CB17707-01EA-492B-984F-803056C824F7}.Release|Any CPU.Build.0 = Release|Any CPU
		{5DA41491-836B-4B95-AEB8-8FC46AB8AD69}.Debug|Any CPU.ActiveCfg = Debug|Any CPU
		{5DA41491-836B-4B95-AEB8-8FC46AB8AD69}.Debug|Any CPU.Build.0 = Debug|Any CPU
		{5DA41491-836B-4B95-AEB8-8FC46AB8AD69}.Release|Any CPU.ActiveCfg = Release|Any CPU
		{5DA41491-836B-4B95-AEB8-8FC46AB8AD69}.Release|Any CPU.Build.0 = Release|Any CPU
		{9C9DF88F-842B-452F-B334-F626F13A2CF1}.Debug|Any CPU.ActiveCfg = Debug|Any CPU
		{9C9DF88F-842B-452F-B334-F626F13A2CF1}.Debug|Any CPU.Build.0 = Debug|Any CPU
		{9C9DF88F-842B-452F-B334-F626F13A2CF1}.Release|Any CPU.ActiveCfg = Release|Any CPU
		{9C9DF88F-842B-452F-B334-F626F13A2CF1}.Release|Any CPU.Build.0 = Release|Any CPU
		{27307ADA-A5A5-4D71-8368-6652995DEEF2}.Debug|Any CPU.ActiveCfg = Debug|Any CPU
		{27307ADA-A5A5-4D71-8368-6652995DEEF2}.Debug|Any CPU.Build.0 = Debug|Any CPU
		{27307ADA-A5A5-4D71-8368-6652995DEEF2}.Release|Any CPU.ActiveCfg = Release|Any CPU
		{27307ADA-A5A5-4D71-8368-6652995DEEF2}.Release|Any CPU.Build.0 = Release|Any CPU
		{835AC0AC-A04A-4339-B256-EAD896EDC0D4}.Debug|Any CPU.ActiveCfg = Debug|Any CPU
		{835AC0AC-A04A-4339-B256-EAD896EDC0D4}.Debug|Any CPU.Build.0 = Debug|Any CPU
		{835AC0AC-A04A-4339-B256-EAD896EDC0D4}.Release|Any CPU.ActiveCfg = Release|Any CPU
		{835AC0AC-A04A-4339-B256-EAD896EDC0D4}.Release|Any CPU.Build.0 = Release|Any CPU
		{694EA055-7A5E-4A30-9C8E-F2EDD2029578}.Debug|Any CPU.ActiveCfg = Debug|Any CPU
		{694EA055-7A5E-4A30-9C8E-F2EDD2029578}.Debug|Any CPU.Build.0 = Debug|Any CPU
		{694EA055-7A5E-4A30-9C8E-F2EDD2029578}.Release|Any CPU.ActiveCfg = Release|Any CPU
		{694EA055-7A5E-4A30-9C8E-F2EDD2029578}.Release|Any CPU.Build.0 = Release|Any CPU
		{C008581E-AF84-434E-945E-8DA4E2E4A770}.Debug|Any CPU.ActiveCfg = Debug|Any CPU
		{C008581E-AF84-434E-945E-8DA4E2E4A770}.Debug|Any CPU.Build.0 = Debug|Any CPU
		{C008581E-AF84-434E-945E-8DA4E2E4A770}.Release|Any CPU.ActiveCfg = Release|Any CPU
		{C008581E-AF84-434E-945E-8DA4E2E4A770}.Release|Any CPU.Build.0 = Release|Any CPU
		{86DFF039-A0BD-48CA-BA58-C4F99D7F7553}.Debug|Any CPU.ActiveCfg = Debug|Any CPU
		{86DFF039-A0BD-48CA-BA58-C4F99D7F7553}.Debug|Any CPU.Build.0 = Debug|Any CPU
		{86DFF039-A0BD-48CA-BA58-C4F99D7F7553}.Release|Any CPU.ActiveCfg = Release|Any CPU
		{86DFF039-A0BD-48CA-BA58-C4F99D7F7553}.Release|Any CPU.Build.0 = Release|Any CPU
		{D74B9E3D-3C90-483F-AAA5-8D90357AC4D7}.Debug|Any CPU.ActiveCfg = Debug|Any CPU
		{D74B9E3D-3C90-483F-AAA5-8D90357AC4D7}.Debug|Any CPU.Build.0 = Debug|Any CPU
		{D74B9E3D-3C90-483F-AAA5-8D90357AC4D7}.Release|Any CPU.ActiveCfg = Release|Any CPU
		{D74B9E3D-3C90-483F-AAA5-8D90357AC4D7}.Release|Any CPU.Build.0 = Release|Any CPU
		{D0DBC37C-3D88-4F25-99F2-406133E1225C}.Debug|Any CPU.ActiveCfg = Debug|Any CPU
		{D0DBC37C-3D88-4F25-99F2-406133E1225C}.Debug|Any CPU.Build.0 = Debug|Any CPU
		{D0DBC37C-3D88-4F25-99F2-406133E1225C}.Release|Any CPU.ActiveCfg = Release|Any CPU
		{D0DBC37C-3D88-4F25-99F2-406133E1225C}.Release|Any CPU.Build.0 = Release|Any CPU
		{F9E69318-800C-4AB8-93A2-A42E4AC83E98}.Debug|Any CPU.ActiveCfg = Debug|Any CPU
		{F9E69318-800C-4AB8-93A2-A42E4AC83E98}.Debug|Any CPU.Build.0 = Debug|Any CPU
		{F9E69318-800C-4AB8-93A2-A42E4AC83E98}.Release|Any CPU.ActiveCfg = Release|Any CPU
		{F9E69318-800C-4AB8-93A2-A42E4AC83E98}.Release|Any CPU.Build.0 = Release|Any CPU
		{C5CF4BDB-A2DD-45E1-9391-997CDD925514}.Debug|Any CPU.ActiveCfg = Debug|Any CPU
		{C5CF4BDB-A2DD-45E1-9391-997CDD925514}.Debug|Any CPU.Build.0 = Debug|Any CPU
		{C5CF4BDB-A2DD-45E1-9391-997CDD925514}.Release|Any CPU.ActiveCfg = Release|Any CPU
		{C5CF4BDB-A2DD-45E1-9391-997CDD925514}.Release|Any CPU.Build.0 = Release|Any CPU
		{FCC992CA-2AE8-4695-832A-2ADB31AD1985}.Debug|Any CPU.ActiveCfg = Debug|Any CPU
		{FCC992CA-2AE8-4695-832A-2ADB31AD1985}.Debug|Any CPU.Build.0 = Debug|Any CPU
		{FCC992CA-2AE8-4695-832A-2ADB31AD1985}.Release|Any CPU.ActiveCfg = Release|Any CPU
		{FCC992CA-2AE8-4695-832A-2ADB31AD1985}.Release|Any CPU.Build.0 = Release|Any CPU
		{8C66F097-2F62-446C-A703-77C28FD7E18A}.Debug|Any CPU.ActiveCfg = Debug|Any CPU
		{8C66F097-2F62-446C-A703-77C28FD7E18A}.Debug|Any CPU.Build.0 = Debug|Any CPU
		{8C66F097-2F62-446C-A703-77C28FD7E18A}.Release|Any CPU.ActiveCfg = Release|Any CPU
		{8C66F097-2F62-446C-A703-77C28FD7E18A}.Release|Any CPU.Build.0 = Release|Any CPU
		{80B475E4-CAC5-4F55-B811-5A3F031135D6}.Debug|Any CPU.ActiveCfg = Debug|Any CPU
		{80B475E4-CAC5-4F55-B811-5A3F031135D6}.Debug|Any CPU.Build.0 = Debug|Any CPU
		{80B475E4-CAC5-4F55-B811-5A3F031135D6}.Release|Any CPU.ActiveCfg = Release|Any CPU
		{80B475E4-CAC5-4F55-B811-5A3F031135D6}.Release|Any CPU.Build.0 = Release|Any CPU
		{53859F05-04BA-4148-8C47-6BD1E11364F2}.Debug|Any CPU.ActiveCfg = Debug|Any CPU
		{53859F05-04BA-4148-8C47-6BD1E11364F2}.Debug|Any CPU.Build.0 = Debug|Any CPU
		{53859F05-04BA-4148-8C47-6BD1E11364F2}.Release|Any CPU.ActiveCfg = Release|Any CPU
		{53859F05-04BA-4148-8C47-6BD1E11364F2}.Release|Any CPU.Build.0 = Release|Any CPU
		{CE7D52DB-3499-4661-9ACF-287F0C808E0D}.Debug|Any CPU.ActiveCfg = Debug|Any CPU
		{CE7D52DB-3499-4661-9ACF-287F0C808E0D}.Debug|Any CPU.Build.0 = Debug|Any CPU
		{CE7D52DB-3499-4661-9ACF-287F0C808E0D}.Release|Any CPU.ActiveCfg = Release|Any CPU
		{CE7D52DB-3499-4661-9ACF-287F0C808E0D}.Release|Any CPU.Build.0 = Release|Any CPU
		{9FBA8B21-409E-459A-AA9D-FC80323CF34E}.Debug|Any CPU.ActiveCfg = Debug|Any CPU
		{9FBA8B21-409E-459A-AA9D-FC80323CF34E}.Debug|Any CPU.Build.0 = Debug|Any CPU
		{9FBA8B21-409E-459A-AA9D-FC80323CF34E}.Release|Any CPU.ActiveCfg = Release|Any CPU
		{9FBA8B21-409E-459A-AA9D-FC80323CF34E}.Release|Any CPU.Build.0 = Release|Any CPU
		{81DDED9D-158B-E303-5F62-77A2896D2A5A}.Debug|Any CPU.ActiveCfg = Debug|Any CPU
		{81DDED9D-158B-E303-5F62-77A2896D2A5A}.Debug|Any CPU.Build.0 = Debug|Any CPU
		{81DDED9D-158B-E303-5F62-77A2896D2A5A}.Release|Any CPU.ActiveCfg = Release|Any CPU
		{81DDED9D-158B-E303-5F62-77A2896D2A5A}.Release|Any CPU.Build.0 = Release|Any CPU
	EndGlobalSection
	GlobalSection(SolutionProperties) = preSolution
		HideSolutionNode = FALSE
	EndGlobalSection
	GlobalSection(NestedProjects) = preSolution
		{C6C46FE2-80FF-49AE-81D0-12AAFB686B4F} = {AFBB2CD2-FCC5-4146-A8FE-8EEC5EE57044}
		{ACA5BA3A-545A-42A2-B61F-057B32E616BA} = {C6C46FE2-80FF-49AE-81D0-12AAFB686B4F}
		{96FCF107-9B2A-4C04-98F2-F74BA7AA4856} = {DBB5D807-FDC6-4E5B-84F0-7AE5FB721B12}
		{A38ACAC2-563F-499F-977D-F42B68BD30FF} = {DBB5D807-FDC6-4E5B-84F0-7AE5FB721B12}
		{BD83D3BF-4E0B-47E5-81C5-541713D1FBBE} = {AFBB2CD2-FCC5-4146-A8FE-8EEC5EE57044}
		{5CB17707-01EA-492B-984F-803056C824F7} = {BD83D3BF-4E0B-47E5-81C5-541713D1FBBE}
		{ED28DA29-073D-438E-A416-0611468911C9} = {AFBB2CD2-FCC5-4146-A8FE-8EEC5EE57044}
		{5DA41491-836B-4B95-AEB8-8FC46AB8AD69} = {ED28DA29-073D-438E-A416-0611468911C9}
		{493BD75A-7F5C-446F-94CA-7C123CFBE3FC} = {AFBB2CD2-FCC5-4146-A8FE-8EEC5EE57044}
		{61DA3131-D735-49D2-B21A-34D4D52B255B} = {AFBB2CD2-FCC5-4146-A8FE-8EEC5EE57044}
		{9C9DF88F-842B-452F-B334-F626F13A2CF1} = {61DA3131-D735-49D2-B21A-34D4D52B255B}
		{27307ADA-A5A5-4D71-8368-6652995DEEF2} = {493BD75A-7F5C-446F-94CA-7C123CFBE3FC}
		{835AC0AC-A04A-4339-B256-EAD896EDC0D4} = {CCF437CA-6CE4-4DD6-997E-F1BEDD7892C4}
		{CCF437CA-6CE4-4DD6-997E-F1BEDD7892C4} = {AFBB2CD2-FCC5-4146-A8FE-8EEC5EE57044}
		{694EA055-7A5E-4A30-9C8E-F2EDD2029578} = {CCF437CA-6CE4-4DD6-997E-F1BEDD7892C4}
		{C008581E-AF84-434E-945E-8DA4E2E4A770} = {CCF437CA-6CE4-4DD6-997E-F1BEDD7892C4}
		{86DFF039-A0BD-48CA-BA58-C4F99D7F7553} = {CCF437CA-6CE4-4DD6-997E-F1BEDD7892C4}
		{F0941F75-C0B5-453D-8E7F-90BC97E95444} = {AFBB2CD2-FCC5-4146-A8FE-8EEC5EE57044}
		{D74B9E3D-3C90-483F-AAA5-8D90357AC4D7} = {F0941F75-C0B5-453D-8E7F-90BC97E95444}
		{D0DBC37C-3D88-4F25-99F2-406133E1225C} = {F0941F75-C0B5-453D-8E7F-90BC97E95444}
		{F9E69318-800C-4AB8-93A2-A42E4AC83E98} = {F0941F75-C0B5-453D-8E7F-90BC97E95444}
		{C5CF4BDB-A2DD-45E1-9391-997CDD925514} = {F0941F75-C0B5-453D-8E7F-90BC97E95444}
		{8921C55A-6815-4EEB-B0EC-AC895A930DD2} = {AFBB2CD2-FCC5-4146-A8FE-8EEC5EE57044}
		{2440467F-CEF2-43F1-8C3B-09614DC53D47} = {AFBB2CD2-FCC5-4146-A8FE-8EEC5EE57044}
		{FCC992CA-2AE8-4695-832A-2ADB31AD1985} = {2440467F-CEF2-43F1-8C3B-09614DC53D47}
		{8C66F097-2F62-446C-A703-77C28FD7E18A} = {8921C55A-6815-4EEB-B0EC-AC895A930DD2}
		{73D98CF7-C348-435E-ADA3-060D096BAD60} = {AFBB2CD2-FCC5-4146-A8FE-8EEC5EE57044}
		{80B475E4-CAC5-4F55-B811-5A3F031135D6} = {73D98CF7-C348-435E-ADA3-060D096BAD60}
		{53859F05-04BA-4148-8C47-6BD1E11364F2} = {B7948C9D-78E9-40FF-9866-AE58B044C93C}
		{CE7D52DB-3499-4661-9ACF-287F0C808E0D} = {C6C46FE2-80FF-49AE-81D0-12AAFB686B4F}
		{D5CB0BFA-A271-4ADE-BC48-A70EF1A716F3} = {AFBB2CD2-FCC5-4146-A8FE-8EEC5EE57044}
		{9FBA8B21-409E-459A-AA9D-FC80323CF34E} = {D5CB0BFA-A271-4ADE-BC48-A70EF1A716F3}
	EndGlobalSection
	GlobalSection(ExtensibilityGlobals) = postSolution
		SolutionGuid = {9F295B72-0C22-4375-A44F-7F4256AB2C44}
	EndGlobalSection
EndGlobal
