
Microsoft Visual Studio Solution File, Format Version 12.00
# Visual Studio Version 17
VisualStudioVersion = 17.10.35013.160
MinimumVisualStudioVersion = 10.0.40219.1
Project("{2150E333-8FDC-42A3-9474-1A3956D46DE8}") = "Solution Items", "Solution Items", "{DA967373-934E-4A5D-AEC4-AE22F914BE10}"
	ProjectSection(SolutionItems) = preProject
		docker-compose.yml = docker-compose.yml
	EndProjectSection
EndProject
Project("{2150E333-8FDC-42A3-9474-1A3956D46DE8}") = "Services", "Services", "{AFBB2CD2-FCC5-4146-A8FE-8EEC5EE57044}"
EndProject
Project("{2150E333-8FDC-42A3-9474-1A3956D46DE8}") = "ApiGateways", "ApiGateways", "{B7948C9D-78E9-40FF-9866-AE58B044C93C}"
EndProject
Project("{2150E333-8FDC-42A3-9474-1A3956D46DE8}") = "BuildingBlocks", "BuildingBlocks", "{DBB5D807-FDC6-4E5B-84F0-7AE5FB721B12}"
EndProject
Project("{2150E333-8FDC-42A3-9474-1A3956D46DE8}") = "Auth", "Auth", "{C6C46FE2-80FF-49AE-81D0-12AAFB686B4F}"
EndProject
Project("{9A19103F-16F7-4668-BE54-9A1E7A4F7556}") = "Auth.API", "Services\Auth\Auth.API\Auth.API.csproj", "{ACA5BA3A-545A-42A2-B61F-057B32E616BA}"
EndProject
Project("{9A19103F-16F7-4668-BE54-9A1E7A4F7556}") = "BuildingBlocks", "BuildingBlocks\BuildingBlocks\BuildingBlocks.csproj", "{96FCF107-9B2A-4C04-98F2-F74BA7AA4856}"
EndProject
Project("{9A19103F-16F7-4668-BE54-9A1E7A4F7556}") = "BuildingBlocks.Messaging", "BuildingBlocks\BuildingBlocks.Messaging\BuildingBlocks.Messaging.csproj", "{A38ACAC2-563F-499F-977D-F42B68BD30FF}"
EndProject
Project("{2150E333-8FDC-42A3-9474-1A3956D46DE8}") = "Profile", "Profile", "{BD83D3BF-4E0B-47E5-81C5-541713D1FBBE}"
EndProject
Project("{9A19103F-16F7-4668-BE54-9A1E7A4F7556}") = "Profile.API", "Services\Profile\Profile.API\Profile.API.csproj", "{5CB17707-01EA-492B-984F-803056C824F7}"
EndProject
Project("{2150E333-8FDC-42A3-9474-1A3956D46DE8}") = "Pricing", "Pricing", "{0B1EC028-DD45-49EB-A537-1507787D3868}"
EndProject
Project("{9A19103F-16F7-4668-BE54-9A1E7A4F7556}") = "Pricing.API", "Pricing.API\Pricing.API.csproj", "{AFB3DAD1-DA6D-41E3-963C-FDC8B5831AB3}"
EndProject
Project("{2150E333-8FDC-42A3-9474-1A3956D46DE8}") = "Subscription", "Subscription", "{689EE5AE-EFFC-4226-9A76-63804C0CC096}"
EndProject
Project("{9A19103F-16F7-4668-BE54-9A1E7A4F7556}") = "Subscription.API", "Subscription.API\Subscription.API.csproj", "{CC23BCDE-1931-4DB0-88FB-2A72311A640B}"
EndProject
Project("{2150E333-8FDC-42A3-9474-1A3956D46DE8}") = "Blog", "Blog", "{CFA1713C-B0BC-447F-AFD6-A34B186212E2}"
EndProject
Project("{FAE04EC0-301F-11D3-BF4B-00C04F79EFBC}") = "Blog.API", "Blog.API\Blog.API.csproj", "{A948FBD7-D2E1-421A-A576-FE4681DE288E}"
EndProject
Global
	GlobalSection(SolutionConfigurationPlatforms) = preSolution
		Debug|Any CPU = Debug|Any CPU
		Release|Any CPU = Release|Any CPU
	EndGlobalSection
	GlobalSection(ProjectConfigurationPlatforms) = postSolution
		{ACA5BA3A-545A-42A2-B61F-057B32E616BA}.Debug|Any CPU.ActiveCfg = Debug|Any CPU
		{ACA5BA3A-545A-42A2-B61F-057B32E616BA}.Debug|Any CPU.Build.0 = Debug|Any CPU
		{ACA5BA3A-545A-42A2-B61F-057B32E616BA}.Release|Any CPU.ActiveCfg = Release|Any CPU
		{ACA5BA3A-545A-42A2-B61F-057B32E616BA}.Release|Any CPU.Build.0 = Release|Any CPU
		{96FCF107-9B2A-4C04-98F2-F74BA7AA4856}.Debug|Any CPU.ActiveCfg = Debug|Any CPU
		{96FCF107-9B2A-4C04-98F2-F74BA7AA4856}.Debug|Any CPU.Build.0 = Debug|Any CPU
		{96FCF107-9B2A-4C04-98F2-F74BA7AA4856}.Release|Any CPU.ActiveCfg = Release|Any CPU
		{96FCF107-9B2A-4C04-98F2-F74BA7AA4856}.Release|Any CPU.Build.0 = Release|Any CPU
		{A38ACAC2-563F-499F-977D-F42B68BD30FF}.Debug|Any CPU.ActiveCfg = Debug|Any CPU
		{A38ACAC2-563F-499F-977D-F42B68BD30FF}.Debug|Any CPU.Build.0 = Debug|Any CPU
		{A38ACAC2-563F-499F-977D-F42B68BD30FF}.Release|Any CPU.ActiveCfg = Release|Any CPU
		{A38ACAC2-563F-499F-977D-F42B68BD30FF}.Release|Any CPU.Build.0 = Release|Any CPU
		{5CB17707-01EA-492B-984F-803056C824F7}.Debug|Any CPU.ActiveCfg = Debug|Any CPU
		{5CB17707-01EA-492B-984F-803056C824F7}.Debug|Any CPU.Build.0 = Debug|Any CPU
		{5CB17707-01EA-492B-984F-803056C824F7}.Release|Any CPU.ActiveCfg = Release|Any CPU
		{5CB17707-01EA-492B-984F-803056C824F7}.Release|Any CPU.Build.0 = Release|Any CPU
		{AFB3DAD1-DA6D-41E3-963C-FDC8B5831AB3}.Debug|Any CPU.ActiveCfg = Debug|Any CPU
		{AFB3DAD1-DA6D-41E3-963C-FDC8B5831AB3}.Debug|Any CPU.Build.0 = Debug|Any CPU
		{AFB3DAD1-DA6D-41E3-963C-FDC8B5831AB3}.Release|Any CPU.ActiveCfg = Release|Any CPU
		{AFB3DAD1-DA6D-41E3-963C-FDC8B5831AB3}.Release|Any CPU.Build.0 = Release|Any CPU
		{CC23BCDE-1931-4DB0-88FB-2A72311A640B}.Debug|Any CPU.ActiveCfg = Debug|Any CPU
		{CC23BCDE-1931-4DB0-88FB-2A72311A640B}.Debug|Any CPU.Build.0 = Debug|Any CPU
		{CC23BCDE-1931-4DB0-88FB-2A72311A640B}.Release|Any CPU.ActiveCfg = Release|Any CPU
		{CC23BCDE-1931-4DB0-88FB-2A72311A640B}.Release|Any CPU.Build.0 = Release|Any CPU
		{A948FBD7-D2E1-421A-A576-FE4681DE288E}.Debug|Any CPU.ActiveCfg = Debug|Any CPU
		{A948FBD7-D2E1-421A-A576-FE4681DE288E}.Debug|Any CPU.Build.0 = Debug|Any CPU
		{A948FBD7-D2E1-421A-A576-FE4681DE288E}.Release|Any CPU.ActiveCfg = Release|Any CPU
		{A948FBD7-D2E1-421A-A576-FE4681DE288E}.Release|Any CPU.Build.0 = Release|Any CPU
	EndGlobalSection
	GlobalSection(SolutionProperties) = preSolution
		HideSolutionNode = FALSE
	EndGlobalSection
	GlobalSection(NestedProjects) = preSolution
		{C6C46FE2-80FF-49AE-81D0-12AAFB686B4F} = {AFBB2CD2-FCC5-4146-A8FE-8EEC5EE57044}
		{ACA5BA3A-545A-42A2-B61F-057B32E616BA} = {C6C46FE2-80FF-49AE-81D0-12AAFB686B4F}
		{96FCF107-9B2A-4C04-98F2-F74BA7AA4856} = {DBB5D807-FDC6-4E5B-84F0-7AE5FB721B12}
		{A38ACAC2-563F-499F-977D-F42B68BD30FF} = {DBB5D807-FDC6-4E5B-84F0-7AE5FB721B12}
		{BD83D3BF-4E0B-47E5-81C5-541713D1FBBE} = {AFBB2CD2-FCC5-4146-A8FE-8EEC5EE57044}
		{5CB17707-01EA-492B-984F-803056C824F7} = {BD83D3BF-4E0B-47E5-81C5-541713D1FBBE}
		{0B1EC028-DD45-49EB-A537-1507787D3868} = {AFBB2CD2-FCC5-4146-A8FE-8EEC5EE57044}
		{AFB3DAD1-DA6D-41E3-963C-FDC8B5831AB3} = {0B1EC028-DD45-49EB-A537-1507787D3868}
		{689EE5AE-EFFC-4226-9A76-63804C0CC096} = {AFBB2CD2-FCC5-4146-A8FE-8EEC5EE57044}
		{CC23BCDE-1931-4DB0-88FB-2A72311A640B} = {689EE5AE-EFFC-4226-9A76-63804C0CC096}
		{CFA1713C-B0BC-447F-AFD6-A34B186212E2} = {AFBB2CD2-FCC5-4146-A8FE-8EEC5EE57044}
		{A948FBD7-D2E1-421A-A576-FE4681DE288E} = {CFA1713C-B0BC-447F-AFD6-A34B186212E2}
	EndGlobalSection
	GlobalSection(ExtensibilityGlobals) = postSolution
		SolutionGuid = {CBDAE0D8-EF36-4638-A35E-EDCE9B5CCF8E}
	EndGlobalSection
EndGlobal
